
Microsoft Visual Studio Solution File, Format Version 12.00
# Visual Studio Version 16
VisualStudioVersion = 16.0.30204.135
MinimumVisualStudioVersion = 10.0.40219.1
Project("{FAE04EC0-301F-11D3-BF4B-00C04F79EFBC}") = "EssentialWPF", "EssentialWPF\EssentialWPF.csproj", "{30FD92FA-F381-496C-9D2A-86E4578F989C}"
EndProject
Project("{9A19103F-16F7-4668-BE54-9A1E7A4F7556}") = "Chapter1", "Chapter1\Chapter1.csproj", "{579C4E67-1766-454D-A05D-216F803C67C2}"
EndProject
Project("{9A19103F-16F7-4668-BE54-9A1E7A4F7556}") = "Chapter2_9", "Chapter2_9\Chapter2_9.csproj", "{E133B8C5-6696-4EA6-B77E-ACA5B3B63D9F}"
EndProject
Project("{9A19103F-16F7-4668-BE54-9A1E7A4F7556}") = "Chapter2_11", "Chapter2_11\Chapter2_11.csproj", "{743803F7-A945-4A0C-8526-1C9842A355B2}"
EndProject
Project("{9A19103F-16F7-4668-BE54-9A1E7A4F7556}") = "Chapter2_13", "Chapter2_13\Chapter2_13.csproj", "{4751C5B1-99E6-4D16-BA91-023CD9FB2B0A}"
EndProject
Project("{9A19103F-16F7-4668-BE54-9A1E7A4F7556}") = "Chapter3_34", "Chapter3_34\Chapter3_34.csproj", "{F3849053-3C40-4716-855A-48116170587B}"
EndProject
Project("{9A19103F-16F7-4668-BE54-9A1E7A4F7556}") = "Chapter4_8", "Chapter4_8\Chapter4_8.csproj", "{C916889D-6891-46D1-BB44-ADE1058E3453}"
EndProject
Project("{9A19103F-16F7-4668-BE54-9A1E7A4F7556}") = "Chapter4_9", "Chapter4_9\Chapter4_9.csproj", "{F5B0DFC6-EE7F-4F8B-B27F-0FAB5C0B63C4}"
EndProject
Project("{9A19103F-16F7-4668-BE54-9A1E7A4F7556}") = "Chapter5_11", "Chapter5_11\Chapter5_11.csproj", "{64987518-C59B-4E4F-940F-A28FECB5D7FF}"
EndProject
Project("{9A19103F-16F7-4668-BE54-9A1E7A4F7556}") = "Chapter5_13", "Chapter5_13\Chapter5_13.csproj", "{12580DD7-FFCE-44D5-B705-FF7C6C54D4E7}"
EndProject
Project("{9A19103F-16F7-4668-BE54-9A1E7A4F7556}") = "Chapter5_18", "Chapter5_18\Chapter5_18.csproj", "{E2186ECE-B00C-430E-8462-CC30C8314D65}"
EndProject
Project("{9A19103F-16F7-4668-BE54-9A1E7A4F7556}") = "Chapter5_19", "Chapter5_19\Chapter5_19.csproj", "{EAC69D00-E74D-4CAC-BF0C-8594950A486E}"
EndProject
Project("{9A19103F-16F7-4668-BE54-9A1E7A4F7556}") = "Chapter5_23", "Chapter5_23\Chapter5_23.csproj", "{3F65EF86-6F95-425E-9FEC-CB297D0DE235}"
EndProject
Project("{9A19103F-16F7-4668-BE54-9A1E7A4F7556}") = "Chapter5_25", "Chapter5_25\Chapter5_25.csproj", "{7D93EED1-79AC-42AB-9C38-32F865F0A3D3}"
EndProject
Project("{9A19103F-16F7-4668-BE54-9A1E7A4F7556}") = "Chapter5_27", "Chapter5_27\Chapter5_27.csproj", "{DAE64854-D469-4F99-9EA7-F65B2BDF5AF3}"
EndProject
Project("{9A19103F-16F7-4668-BE54-9A1E7A4F7556}") = "Chapter5_28", "Chapter5_28\Chapter5_28.csproj", "{EB7E8E29-5EBB-4DCE-9185-EDC6308BD1CB}"
EndProject
Project("{9A19103F-16F7-4668-BE54-9A1E7A4F7556}") = "Chapter5_32", "Chapter5_32\Chapter5_32.csproj", "{F4AA0DFF-6B29-431D-8A5E-30D519E27377}"
EndProject
Project("{9A19103F-16F7-4668-BE54-9A1E7A4F7556}") = "Chapter5_36", "Chapter5_36\Chapter5_36.csproj", "{A4365C14-2221-44AA-9613-BB00AF401261}"
EndProject
Project("{9A19103F-16F7-4668-BE54-9A1E7A4F7556}") = "Chapter5_3", "Chapter5_3\Chapter5_3.csproj", "{F17CE72C-8D6B-4E5A-93A5-ACBD7F549D5E}"
EndProject
Project("{9A19103F-16F7-4668-BE54-9A1E7A4F7556}") = "Chapter4-4", "Chapter4-4\Chapter4-4.csproj", "{67917E29-8E77-4D08-ABC1-EF7BBAFD8E8F}"
EndProject
Project("{9A19103F-16F7-4668-BE54-9A1E7A4F7556}") = "Chapter4-7", "Chapter4-7\Chapter4-7.csproj", "{41BA2F2F-E94F-47A9-B187-8DDD1DE7BE74}"
EndProject
Project("{9A19103F-16F7-4668-BE54-9A1E7A4F7556}") = "Chapter4-22", "Chapter4-22\Chapter4-22.csproj", "{396A3197-E64E-4E70-A2D4-ACDA8155629A}"
EndProject
Project("{9A19103F-16F7-4668-BE54-9A1E7A4F7556}") = "Chapter4_28", "Chapter4_28\Chapter4_28.csproj", "{44B91DBC-5521-4436-A985-65D0AAB19447}"
EndProject
Project("{9A19103F-16F7-4668-BE54-9A1E7A4F7556}") = "Chapter4-2", "Chapter4-2\Chapter4-2.csproj", "{8E19BF18-44B8-4EC8-A24E-D1629AA373BC}"
EndProject
Project("{9A19103F-16F7-4668-BE54-9A1E7A4F7556}") = "Chapter4_21", "Chapter4_21\Chapter4_21.csproj", "{17A9BAAF-3BD0-4EF2-9521-064F0819C5EA}"
EndProject
Project("{9A19103F-16F7-4668-BE54-9A1E7A4F7556}") = "Chapter4_23", "Chapter4_23\Chapter4_23.csproj", "{D3248818-CA0D-433F-968A-04D96C82B082}"
EndProject
Project("{9A19103F-16F7-4668-BE54-9A1E7A4F7556}") = "Chapter4_24", "Chapter4_24\Chapter4_24.csproj", "{98C63226-6FAD-4EF9-8DF3-CA00A1B01AA4}"
EndProject
Project("{9A19103F-16F7-4668-BE54-9A1E7A4F7556}") = "Chapter4_18", "Chapter4_18\Chapter4_18.csproj", "{05D12F09-9B9E-4D16-8DF4-8E19FE5D4A58}"
EndProject
Project("{9A19103F-16F7-4668-BE54-9A1E7A4F7556}") = "Chapter4_20", "Chapter4_20\Chapter4_20.csproj", "{4C2BD8AA-B94A-494E-8EA2-4BF805B347C4}"
EndProject
Project("{9A19103F-16F7-4668-BE54-9A1E7A4F7556}") = "Chapter4_11", "Chapter4_11\Chapter4_11.csproj", "{BF44C911-A51E-46FD-BB3A-BC13D5B2C5A2}"
EndProject
Project("{9A19103F-16F7-4668-BE54-9A1E7A4F7556}") = "Chapter4_15", "Chapter4_15\Chapter4_15.csproj", "{43EE19E6-F00B-4CAD-AAC6-7ED57C7C8A77}"
EndProject
Project("{9A19103F-16F7-4668-BE54-9A1E7A4F7556}") = "Chapter4_17", "Chapter4_17\Chapter4_17.csproj", "{9BBABFC2-B05E-4FD7-9651-FC7161DD3403}"
EndProject
Project("{9A19103F-16F7-4668-BE54-9A1E7A4F7556}") = "Chapter3-38", "Chapter3-38\Chapter3-38.csproj", "{C7863101-E0AE-42CC-9957-8C70E7F7C5A8}"
EndProject
Project("{9A19103F-16F7-4668-BE54-9A1E7A4F7556}") = "Chapter3-39", "Chapter3-39\Chapter3-39.csproj", "{B390A251-88F8-45E8-860B-42672A318013}"
EndProject
Project("{9A19103F-16F7-4668-BE54-9A1E7A4F7556}") = "Chapter3-41", "Chapter3-41\Chapter3-41.csproj", "{E04B7281-92AB-414F-8B3A-83C7C74BFAC6}"
EndProject
Project("{9A19103F-16F7-4668-BE54-9A1E7A4F7556}") = "Chapter3-36", "Chapter3-36\Chapter3-36.csproj", "{852AE8F8-3157-47A3-8AEE-552646B55C0A}"
EndProject
Project("{9A19103F-16F7-4668-BE54-9A1E7A4F7556}") = "Chapter3-37", "Chapter3-37\Chapter3-37.csproj", "{E98D2E03-8C4C-4FC4-8408-1A6A93F4D9D9}"
EndProject
Project("{9A19103F-16F7-4668-BE54-9A1E7A4F7556}") = "Chapter3_25", "Chapter3_25\Chapter3_25.csproj", "{5A0E1B01-A5D6-49D0-BA74-51DE68179DA2}"
EndProject
Project("{9A19103F-16F7-4668-BE54-9A1E7A4F7556}") = "Chapter3-26", "Chapter3-26\Chapter3-26.csproj", "{5ADEFF29-7F04-433D-A48D-EBFD141B1154}"
EndProject
Project("{9A19103F-16F7-4668-BE54-9A1E7A4F7556}") = "Chapter3-34", "Chapter3-34\Chapter3-34.csproj", "{02FCB6F5-28FD-471E-BE9E-FD84BC4F4DA5}"
EndProject
Project("{9A19103F-16F7-4668-BE54-9A1E7A4F7556}") = "Chapter3_12", "Chapter3_12\Chapter3_12.csproj", "{E00E3B3C-EB61-4E5E-91F6-1FAD54D42153}"
EndProject
Project("{9A19103F-16F7-4668-BE54-9A1E7A4F7556}") = "Chapter3_21", "Chapter3_21\Chapter3_21.csproj", "{42CE43F4-D66E-43B6-B226-7BB037212932}"
EndProject
Project("{9A19103F-16F7-4668-BE54-9A1E7A4F7556}") = "Chapter3_23", "Chapter3_23\Chapter3_23.csproj", "{4459A7A0-22A3-4845-975D-2923117F2D91}"
EndProject
Project("{9A19103F-16F7-4668-BE54-9A1E7A4F7556}") = "Chapter2_14", "Chapter2_14\Chapter2_14.csproj", "{00D70C75-CD32-45A4-95D3-E9C870A96C11}"
EndProject
Project("{9A19103F-16F7-4668-BE54-9A1E7A4F7556}") = "Chapter3_7", "Chapter3_7\Chapter3_7.csproj", "{E70C9ACB-77BE-41CA-B91E-DD07CFB1FBCE}"
EndProject
Project("{9A19103F-16F7-4668-BE54-9A1E7A4F7556}") = "Chapter3_20", "Chapter_3_20\Chapter3_20.csproj", "{8D509AA1-797C-4A0E-95AC-8A5E707E61CC}"
EndProject
Project("{9A19103F-16F7-4668-BE54-9A1E7A4F7556}") = "Chapter5_24", "Chapter5_24\Chapter5_24.csproj", "{A939E394-DE03-4118-BC33-59E3FC8E0F9F}"
EndProject
Project("{FAE04EC0-301F-11D3-BF4B-00C04F79EFBC}") = "Chapter5_43", "Chapter5_43\Chapter5_43.csproj", "{E1BA5D74-063F-4C83-BE11-1341237EE24C}"
EndProject
Project("{FAE04EC0-301F-11D3-BF4B-00C04F79EFBC}") = "Chapter5_45", "Chapter5_45\Chapter5_45.csproj", "{85F2DF92-4428-4650-A6EC-14F5F24D052E}"
EndProject
Project("{FAE04EC0-301F-11D3-BF4B-00C04F79EFBC}") = "Chapter5_46", "Chapter5_46\Chapter5_46.csproj", "{FB1CC387-64F9-467C-9B4E-AA044DE92139}"
EndProject
Project("{FAE04EC0-301F-11D3-BF4B-00C04F79EFBC}") = "Chapter5_50", "Chapter5_50\Chapter5_50.csproj", "{A457CB5B-DCE2-49F0-8AD8-E0ABFA0D3312}"
EndProject
Project("{FAE04EC0-301F-11D3-BF4B-00C04F79EFBC}") = "Chapter5_51", "Chapter5_51\Chapter5_51.csproj", "{B949751C-3D54-44F4-95E0-B97EDE9EC99B}"
EndProject
Project("{FAE04EC0-301F-11D3-BF4B-00C04F79EFBC}") = "Chapter5_52", "Chapter5_52\Chapter5_52.csproj", "{2F201339-5BF4-483D-A1AB-22AA14BD8DE5}"
EndProject
Project("{FAE04EC0-301F-11D3-BF4B-00C04F79EFBC}") = "Chapter5_55", "Chapter5_55\Chapter5_55.csproj", "{A6BD6A39-6D87-4EDB-A6D3-08AE90E802E4}"
EndProject
Project("{FAE04EC0-301F-11D3-BF4B-00C04F79EFBC}") = "Chapter5_56", "Chapter5_56\Chapter5_56.csproj", "{FA399234-08EE-4C7D-A1AB-6D669E8B6155}"
EndProject
Global
	GlobalSection(SolutionConfigurationPlatforms) = preSolution
		Debug|Any CPU = Debug|Any CPU
		Release|Any CPU = Release|Any CPU
	EndGlobalSection
	GlobalSection(ProjectConfigurationPlatforms) = postSolution
		{30FD92FA-F381-496C-9D2A-86E4578F989C}.Debug|Any CPU.ActiveCfg = Debug|Any CPU
		{30FD92FA-F381-496C-9D2A-86E4578F989C}.Debug|Any CPU.Build.0 = Debug|Any CPU
		{30FD92FA-F381-496C-9D2A-86E4578F989C}.Release|Any CPU.ActiveCfg = Release|Any CPU
		{30FD92FA-F381-496C-9D2A-86E4578F989C}.Release|Any CPU.Build.0 = Release|Any CPU
		{579C4E67-1766-454D-A05D-216F803C67C2}.Debug|Any CPU.ActiveCfg = Debug|Any CPU
		{579C4E67-1766-454D-A05D-216F803C67C2}.Debug|Any CPU.Build.0 = Debug|Any CPU
		{579C4E67-1766-454D-A05D-216F803C67C2}.Release|Any CPU.ActiveCfg = Release|Any CPU
		{579C4E67-1766-454D-A05D-216F803C67C2}.Release|Any CPU.Build.0 = Release|Any CPU
		{E133B8C5-6696-4EA6-B77E-ACA5B3B63D9F}.Debug|Any CPU.ActiveCfg = Debug|Any CPU
		{E133B8C5-6696-4EA6-B77E-ACA5B3B63D9F}.Debug|Any CPU.Build.0 = Debug|Any CPU
		{E133B8C5-6696-4EA6-B77E-ACA5B3B63D9F}.Release|Any CPU.ActiveCfg = Release|Any CPU
		{E133B8C5-6696-4EA6-B77E-ACA5B3B63D9F}.Release|Any CPU.Build.0 = Release|Any CPU
		{743803F7-A945-4A0C-8526-1C9842A355B2}.Debug|Any CPU.ActiveCfg = Debug|Any CPU
		{743803F7-A945-4A0C-8526-1C9842A355B2}.Debug|Any CPU.Build.0 = Debug|Any CPU
		{743803F7-A945-4A0C-8526-1C9842A355B2}.Release|Any CPU.ActiveCfg = Release|Any CPU
		{743803F7-A945-4A0C-8526-1C9842A355B2}.Release|Any CPU.Build.0 = Release|Any CPU
		{4751C5B1-99E6-4D16-BA91-023CD9FB2B0A}.Debug|Any CPU.ActiveCfg = Debug|Any CPU
		{4751C5B1-99E6-4D16-BA91-023CD9FB2B0A}.Debug|Any CPU.Build.0 = Debug|Any CPU
		{4751C5B1-99E6-4D16-BA91-023CD9FB2B0A}.Release|Any CPU.ActiveCfg = Release|Any CPU
		{4751C5B1-99E6-4D16-BA91-023CD9FB2B0A}.Release|Any CPU.Build.0 = Release|Any CPU
		{F3849053-3C40-4716-855A-48116170587B}.Debug|Any CPU.ActiveCfg = Debug|Any CPU
		{F3849053-3C40-4716-855A-48116170587B}.Debug|Any CPU.Build.0 = Debug|Any CPU
		{F3849053-3C40-4716-855A-48116170587B}.Release|Any CPU.ActiveCfg = Release|Any CPU
		{F3849053-3C40-4716-855A-48116170587B}.Release|Any CPU.Build.0 = Release|Any CPU
		{C916889D-6891-46D1-BB44-ADE1058E3453}.Debug|Any CPU.ActiveCfg = Debug|Any CPU
		{C916889D-6891-46D1-BB44-ADE1058E3453}.Debug|Any CPU.Build.0 = Debug|Any CPU
		{C916889D-6891-46D1-BB44-ADE1058E3453}.Release|Any CPU.ActiveCfg = Release|Any CPU
		{C916889D-6891-46D1-BB44-ADE1058E3453}.Release|Any CPU.Build.0 = Release|Any CPU
		{F5B0DFC6-EE7F-4F8B-B27F-0FAB5C0B63C4}.Debug|Any CPU.ActiveCfg = Debug|Any CPU
		{F5B0DFC6-EE7F-4F8B-B27F-0FAB5C0B63C4}.Debug|Any CPU.Build.0 = Debug|Any CPU
		{F5B0DFC6-EE7F-4F8B-B27F-0FAB5C0B63C4}.Release|Any CPU.ActiveCfg = Release|Any CPU
		{F5B0DFC6-EE7F-4F8B-B27F-0FAB5C0B63C4}.Release|Any CPU.Build.0 = Release|Any CPU
		{64987518-C59B-4E4F-940F-A28FECB5D7FF}.Debug|Any CPU.ActiveCfg = Debug|Any CPU
		{64987518-C59B-4E4F-940F-A28FECB5D7FF}.Debug|Any CPU.Build.0 = Debug|Any CPU
		{64987518-C59B-4E4F-940F-A28FECB5D7FF}.Release|Any CPU.ActiveCfg = Release|Any CPU
		{64987518-C59B-4E4F-940F-A28FECB5D7FF}.Release|Any CPU.Build.0 = Release|Any CPU
		{12580DD7-FFCE-44D5-B705-FF7C6C54D4E7}.Debug|Any CPU.ActiveCfg = Debug|Any CPU
		{12580DD7-FFCE-44D5-B705-FF7C6C54D4E7}.Debug|Any CPU.Build.0 = Debug|Any CPU
		{12580DD7-FFCE-44D5-B705-FF7C6C54D4E7}.Release|Any CPU.ActiveCfg = Release|Any CPU
		{12580DD7-FFCE-44D5-B705-FF7C6C54D4E7}.Release|Any CPU.Build.0 = Release|Any CPU
		{E2186ECE-B00C-430E-8462-CC30C8314D65}.Debug|Any CPU.ActiveCfg = Debug|Any CPU
		{E2186ECE-B00C-430E-8462-CC30C8314D65}.Debug|Any CPU.Build.0 = Debug|Any CPU
		{E2186ECE-B00C-430E-8462-CC30C8314D65}.Release|Any CPU.ActiveCfg = Release|Any CPU
		{E2186ECE-B00C-430E-8462-CC30C8314D65}.Release|Any CPU.Build.0 = Release|Any CPU
		{EAC69D00-E74D-4CAC-BF0C-8594950A486E}.Debug|Any CPU.ActiveCfg = Debug|Any CPU
		{EAC69D00-E74D-4CAC-BF0C-8594950A486E}.Debug|Any CPU.Build.0 = Debug|Any CPU
		{EAC69D00-E74D-4CAC-BF0C-8594950A486E}.Release|Any CPU.ActiveCfg = Release|Any CPU
		{EAC69D00-E74D-4CAC-BF0C-8594950A486E}.Release|Any CPU.Build.0 = Release|Any CPU
		{3F65EF86-6F95-425E-9FEC-CB297D0DE235}.Debug|Any CPU.ActiveCfg = Debug|Any CPU
		{3F65EF86-6F95-425E-9FEC-CB297D0DE235}.Debug|Any CPU.Build.0 = Debug|Any CPU
		{3F65EF86-6F95-425E-9FEC-CB297D0DE235}.Release|Any CPU.ActiveCfg = Release|Any CPU
		{3F65EF86-6F95-425E-9FEC-CB297D0DE235}.Release|Any CPU.Build.0 = Release|Any CPU
		{7D93EED1-79AC-42AB-9C38-32F865F0A3D3}.Debug|Any CPU.ActiveCfg = Debug|Any CPU
		{7D93EED1-79AC-42AB-9C38-32F865F0A3D3}.Debug|Any CPU.Build.0 = Debug|Any CPU
		{7D93EED1-79AC-42AB-9C38-32F865F0A3D3}.Release|Any CPU.ActiveCfg = Release|Any CPU
		{7D93EED1-79AC-42AB-9C38-32F865F0A3D3}.Release|Any CPU.Build.0 = Release|Any CPU
		{DAE64854-D469-4F99-9EA7-F65B2BDF5AF3}.Debug|Any CPU.ActiveCfg = Debug|Any CPU
		{DAE64854-D469-4F99-9EA7-F65B2BDF5AF3}.Debug|Any CPU.Build.0 = Debug|Any CPU
		{DAE64854-D469-4F99-9EA7-F65B2BDF5AF3}.Release|Any CPU.ActiveCfg = Release|Any CPU
		{DAE64854-D469-4F99-9EA7-F65B2BDF5AF3}.Release|Any CPU.Build.0 = Release|Any CPU
		{EB7E8E29-5EBB-4DCE-9185-EDC6308BD1CB}.Debug|Any CPU.ActiveCfg = Debug|Any CPU
		{EB7E8E29-5EBB-4DCE-9185-EDC6308BD1CB}.Debug|Any CPU.Build.0 = Debug|Any CPU
		{EB7E8E29-5EBB-4DCE-9185-EDC6308BD1CB}.Release|Any CPU.ActiveCfg = Release|Any CPU
		{EB7E8E29-5EBB-4DCE-9185-EDC6308BD1CB}.Release|Any CPU.Build.0 = Release|Any CPU
		{F4AA0DFF-6B29-431D-8A5E-30D519E27377}.Debug|Any CPU.ActiveCfg = Debug|Any CPU
		{F4AA0DFF-6B29-431D-8A5E-30D519E27377}.Debug|Any CPU.Build.0 = Debug|Any CPU
		{F4AA0DFF-6B29-431D-8A5E-30D519E27377}.Release|Any CPU.ActiveCfg = Release|Any CPU
		{F4AA0DFF-6B29-431D-8A5E-30D519E27377}.Release|Any CPU.Build.0 = Release|Any CPU
		{A4365C14-2221-44AA-9613-BB00AF401261}.Debug|Any CPU.ActiveCfg = Debug|Any CPU
		{A4365C14-2221-44AA-9613-BB00AF401261}.Debug|Any CPU.Build.0 = Debug|Any CPU
		{A4365C14-2221-44AA-9613-BB00AF401261}.Release|Any CPU.ActiveCfg = Release|Any CPU
		{A4365C14-2221-44AA-9613-BB00AF401261}.Release|Any CPU.Build.0 = Release|Any CPU
		{F17CE72C-8D6B-4E5A-93A5-ACBD7F549D5E}.Debug|Any CPU.ActiveCfg = Debug|Any CPU
		{F17CE72C-8D6B-4E5A-93A5-ACBD7F549D5E}.Debug|Any CPU.Build.0 = Debug|Any CPU
		{F17CE72C-8D6B-4E5A-93A5-ACBD7F549D5E}.Release|Any CPU.ActiveCfg = Release|Any CPU
		{F17CE72C-8D6B-4E5A-93A5-ACBD7F549D5E}.Release|Any CPU.Build.0 = Release|Any CPU
		{67917E29-8E77-4D08-ABC1-EF7BBAFD8E8F}.Debug|Any CPU.ActiveCfg = Debug|Any CPU
		{67917E29-8E77-4D08-ABC1-EF7BBAFD8E8F}.Debug|Any CPU.Build.0 = Debug|Any CPU
		{67917E29-8E77-4D08-ABC1-EF7BBAFD8E8F}.Release|Any CPU.ActiveCfg = Release|Any CPU
		{67917E29-8E77-4D08-ABC1-EF7BBAFD8E8F}.Release|Any CPU.Build.0 = Release|Any CPU
		{41BA2F2F-E94F-47A9-B187-8DDD1DE7BE74}.Debug|Any CPU.ActiveCfg = Debug|Any CPU
		{41BA2F2F-E94F-47A9-B187-8DDD1DE7BE74}.Debug|Any CPU.Build.0 = Debug|Any CPU
		{41BA2F2F-E94F-47A9-B187-8DDD1DE7BE74}.Release|Any CPU.ActiveCfg = Release|Any CPU
		{41BA2F2F-E94F-47A9-B187-8DDD1DE7BE74}.Release|Any CPU.Build.0 = Release|Any CPU
		{396A3197-E64E-4E70-A2D4-ACDA8155629A}.Debug|Any CPU.ActiveCfg = Debug|Any CPU
		{396A3197-E64E-4E70-A2D4-ACDA8155629A}.Debug|Any CPU.Build.0 = Debug|Any CPU
		{396A3197-E64E-4E70-A2D4-ACDA8155629A}.Release|Any CPU.ActiveCfg = Release|Any CPU
		{396A3197-E64E-4E70-A2D4-ACDA8155629A}.Release|Any CPU.Build.0 = Release|Any CPU
		{44B91DBC-5521-4436-A985-65D0AAB19447}.Debug|Any CPU.ActiveCfg = Debug|Any CPU
		{44B91DBC-5521-4436-A985-65D0AAB19447}.Debug|Any CPU.Build.0 = Debug|Any CPU
		{44B91DBC-5521-4436-A985-65D0AAB19447}.Release|Any CPU.ActiveCfg = Release|Any CPU
		{44B91DBC-5521-4436-A985-65D0AAB19447}.Release|Any CPU.Build.0 = Release|Any CPU
		{8E19BF18-44B8-4EC8-A24E-D1629AA373BC}.Debug|Any CPU.ActiveCfg = Debug|Any CPU
		{8E19BF18-44B8-4EC8-A24E-D1629AA373BC}.Debug|Any CPU.Build.0 = Debug|Any CPU
		{8E19BF18-44B8-4EC8-A24E-D1629AA373BC}.Release|Any CPU.ActiveCfg = Release|Any CPU
		{8E19BF18-44B8-4EC8-A24E-D1629AA373BC}.Release|Any CPU.Build.0 = Release|Any CPU
		{17A9BAAF-3BD0-4EF2-9521-064F0819C5EA}.Debug|Any CPU.ActiveCfg = Debug|Any CPU
		{17A9BAAF-3BD0-4EF2-9521-064F0819C5EA}.Debug|Any CPU.Build.0 = Debug|Any CPU
		{17A9BAAF-3BD0-4EF2-9521-064F0819C5EA}.Release|Any CPU.ActiveCfg = Release|Any CPU
		{17A9BAAF-3BD0-4EF2-9521-064F0819C5EA}.Release|Any CPU.Build.0 = Release|Any CPU
		{D3248818-CA0D-433F-968A-04D96C82B082}.Debug|Any CPU.ActiveCfg = Debug|Any CPU
		{D3248818-CA0D-433F-968A-04D96C82B082}.Debug|Any CPU.Build.0 = Debug|Any CPU
		{D3248818-CA0D-433F-968A-04D96C82B082}.Release|Any CPU.ActiveCfg = Release|Any CPU
		{D3248818-CA0D-433F-968A-04D96C82B082}.Release|Any CPU.Build.0 = Release|Any CPU
		{98C63226-6FAD-4EF9-8DF3-CA00A1B01AA4}.Debug|Any CPU.ActiveCfg = Debug|Any CPU
		{98C63226-6FAD-4EF9-8DF3-CA00A1B01AA4}.Debug|Any CPU.Build.0 = Debug|Any CPU
		{98C63226-6FAD-4EF9-8DF3-CA00A1B01AA4}.Release|Any CPU.ActiveCfg = Release|Any CPU
		{98C63226-6FAD-4EF9-8DF3-CA00A1B01AA4}.Release|Any CPU.Build.0 = Release|Any CPU
		{05D12F09-9B9E-4D16-8DF4-8E19FE5D4A58}.Debug|Any CPU.ActiveCfg = Debug|Any CPU
		{05D12F09-9B9E-4D16-8DF4-8E19FE5D4A58}.Debug|Any CPU.Build.0 = Debug|Any CPU
		{05D12F09-9B9E-4D16-8DF4-8E19FE5D4A58}.Release|Any CPU.ActiveCfg = Release|Any CPU
		{05D12F09-9B9E-4D16-8DF4-8E19FE5D4A58}.Release|Any CPU.Build.0 = Release|Any CPU
		{4C2BD8AA-B94A-494E-8EA2-4BF805B347C4}.Debug|Any CPU.ActiveCfg = Debug|Any CPU
		{4C2BD8AA-B94A-494E-8EA2-4BF805B347C4}.Debug|Any CPU.Build.0 = Debug|Any CPU
		{4C2BD8AA-B94A-494E-8EA2-4BF805B347C4}.Release|Any CPU.ActiveCfg = Release|Any CPU
		{4C2BD8AA-B94A-494E-8EA2-4BF805B347C4}.Release|Any CPU.Build.0 = Release|Any CPU
		{BF44C911-A51E-46FD-BB3A-BC13D5B2C5A2}.Debug|Any CPU.ActiveCfg = Debug|Any CPU
		{BF44C911-A51E-46FD-BB3A-BC13D5B2C5A2}.Debug|Any CPU.Build.0 = Debug|Any CPU
		{BF44C911-A51E-46FD-BB3A-BC13D5B2C5A2}.Release|Any CPU.ActiveCfg = Release|Any CPU
		{BF44C911-A51E-46FD-BB3A-BC13D5B2C5A2}.Release|Any CPU.Build.0 = Release|Any CPU
		{43EE19E6-F00B-4CAD-AAC6-7ED57C7C8A77}.Debug|Any CPU.ActiveCfg = Debug|Any CPU
		{43EE19E6-F00B-4CAD-AAC6-7ED57C7C8A77}.Debug|Any CPU.Build.0 = Debug|Any CPU
		{43EE19E6-F00B-4CAD-AAC6-7ED57C7C8A77}.Release|Any CPU.ActiveCfg = Release|Any CPU
		{43EE19E6-F00B-4CAD-AAC6-7ED57C7C8A77}.Release|Any CPU.Build.0 = Release|Any CPU
		{9BBABFC2-B05E-4FD7-9651-FC7161DD3403}.Debug|Any CPU.ActiveCfg = Debug|Any CPU
		{9BBABFC2-B05E-4FD7-9651-FC7161DD3403}.Debug|Any CPU.Build.0 = Debug|Any CPU
		{9BBABFC2-B05E-4FD7-9651-FC7161DD3403}.Release|Any CPU.ActiveCfg = Release|Any CPU
		{9BBABFC2-B05E-4FD7-9651-FC7161DD3403}.Release|Any CPU.Build.0 = Release|Any CPU
		{C7863101-E0AE-42CC-9957-8C70E7F7C5A8}.Debug|Any CPU.ActiveCfg = Debug|Any CPU
		{C7863101-E0AE-42CC-9957-8C70E7F7C5A8}.Debug|Any CPU.Build.0 = Debug|Any CPU
		{C7863101-E0AE-42CC-9957-8C70E7F7C5A8}.Release|Any CPU.ActiveCfg = Release|Any CPU
		{C7863101-E0AE-42CC-9957-8C70E7F7C5A8}.Release|Any CPU.Build.0 = Release|Any CPU
		{B390A251-88F8-45E8-860B-42672A318013}.Debug|Any CPU.ActiveCfg = Debug|Any CPU
		{B390A251-88F8-45E8-860B-42672A318013}.Debug|Any CPU.Build.0 = Debug|Any CPU
		{B390A251-88F8-45E8-860B-42672A318013}.Release|Any CPU.ActiveCfg = Release|Any CPU
		{B390A251-88F8-45E8-860B-42672A318013}.Release|Any CPU.Build.0 = Release|Any CPU
		{E04B7281-92AB-414F-8B3A-83C7C74BFAC6}.Debug|Any CPU.ActiveCfg = Debug|Any CPU
		{E04B7281-92AB-414F-8B3A-83C7C74BFAC6}.Debug|Any CPU.Build.0 = Debug|Any CPU
		{E04B7281-92AB-414F-8B3A-83C7C74BFAC6}.Release|Any CPU.ActiveCfg = Release|Any CPU
		{E04B7281-92AB-414F-8B3A-83C7C74BFAC6}.Release|Any CPU.Build.0 = Release|Any CPU
		{852AE8F8-3157-47A3-8AEE-552646B55C0A}.Debug|Any CPU.ActiveCfg = Debug|Any CPU
		{852AE8F8-3157-47A3-8AEE-552646B55C0A}.Debug|Any CPU.Build.0 = Debug|Any CPU
		{852AE8F8-3157-47A3-8AEE-552646B55C0A}.Release|Any CPU.ActiveCfg = Release|Any CPU
		{852AE8F8-3157-47A3-8AEE-552646B55C0A}.Release|Any CPU.Build.0 = Release|Any CPU
		{E98D2E03-8C4C-4FC4-8408-1A6A93F4D9D9}.Debug|Any CPU.ActiveCfg = Debug|Any CPU
		{E98D2E03-8C4C-4FC4-8408-1A6A93F4D9D9}.Debug|Any CPU.Build.0 = Debug|Any CPU
		{E98D2E03-8C4C-4FC4-8408-1A6A93F4D9D9}.Release|Any CPU.ActiveCfg = Release|Any CPU
		{E98D2E03-8C4C-4FC4-8408-1A6A93F4D9D9}.Release|Any CPU.Build.0 = Release|Any CPU
		{5A0E1B01-A5D6-49D0-BA74-51DE68179DA2}.Debug|Any CPU.ActiveCfg = Debug|Any CPU
		{5A0E1B01-A5D6-49D0-BA74-51DE68179DA2}.Debug|Any CPU.Build.0 = Debug|Any CPU
		{5A0E1B01-A5D6-49D0-BA74-51DE68179DA2}.Release|Any CPU.ActiveCfg = Release|Any CPU
		{5A0E1B01-A5D6-49D0-BA74-51DE68179DA2}.Release|Any CPU.Build.0 = Release|Any CPU
		{5ADEFF29-7F04-433D-A48D-EBFD141B1154}.Debug|Any CPU.ActiveCfg = Debug|Any CPU
		{5ADEFF29-7F04-433D-A48D-EBFD141B1154}.Debug|Any CPU.Build.0 = Debug|Any CPU
		{5ADEFF29-7F04-433D-A48D-EBFD141B1154}.Release|Any CPU.ActiveCfg = Release|Any CPU
		{5ADEFF29-7F04-433D-A48D-EBFD141B1154}.Release|Any CPU.Build.0 = Release|Any CPU
		{02FCB6F5-28FD-471E-BE9E-FD84BC4F4DA5}.Debug|Any CPU.ActiveCfg = Debug|Any CPU
		{02FCB6F5-28FD-471E-BE9E-FD84BC4F4DA5}.Debug|Any CPU.Build.0 = Debug|Any CPU
		{02FCB6F5-28FD-471E-BE9E-FD84BC4F4DA5}.Release|Any CPU.ActiveCfg = Release|Any CPU
		{02FCB6F5-28FD-471E-BE9E-FD84BC4F4DA5}.Release|Any CPU.Build.0 = Release|Any CPU
		{E00E3B3C-EB61-4E5E-91F6-1FAD54D42153}.Debug|Any CPU.ActiveCfg = Debug|Any CPU
		{E00E3B3C-EB61-4E5E-91F6-1FAD54D42153}.Debug|Any CPU.Build.0 = Debug|Any CPU
		{E00E3B3C-EB61-4E5E-91F6-1FAD54D42153}.Release|Any CPU.ActiveCfg = Release|Any CPU
		{E00E3B3C-EB61-4E5E-91F6-1FAD54D42153}.Release|Any CPU.Build.0 = Release|Any CPU
		{42CE43F4-D66E-43B6-B226-7BB037212932}.Debug|Any CPU.ActiveCfg = Debug|Any CPU
		{42CE43F4-D66E-43B6-B226-7BB037212932}.Debug|Any CPU.Build.0 = Debug|Any CPU
		{42CE43F4-D66E-43B6-B226-7BB037212932}.Release|Any CPU.ActiveCfg = Release|Any CPU
		{42CE43F4-D66E-43B6-B226-7BB037212932}.Release|Any CPU.Build.0 = Release|Any CPU
		{4459A7A0-22A3-4845-975D-2923117F2D91}.Debug|Any CPU.ActiveCfg = Debug|Any CPU
		{4459A7A0-22A3-4845-975D-2923117F2D91}.Debug|Any CPU.Build.0 = Debug|Any CPU
		{4459A7A0-22A3-4845-975D-2923117F2D91}.Release|Any CPU.ActiveCfg = Release|Any CPU
		{4459A7A0-22A3-4845-975D-2923117F2D91}.Release|Any CPU.Build.0 = Release|Any CPU
		{00D70C75-CD32-45A4-95D3-E9C870A96C11}.Debug|Any CPU.ActiveCfg = Debug|Any CPU
		{00D70C75-CD32-45A4-95D3-E9C870A96C11}.Debug|Any CPU.Build.0 = Debug|Any CPU
		{00D70C75-CD32-45A4-95D3-E9C870A96C11}.Release|Any CPU.ActiveCfg = Release|Any CPU
		{00D70C75-CD32-45A4-95D3-E9C870A96C11}.Release|Any CPU.Build.0 = Release|Any CPU
		{E70C9ACB-77BE-41CA-B91E-DD07CFB1FBCE}.Debug|Any CPU.ActiveCfg = Debug|Any CPU
		{E70C9ACB-77BE-41CA-B91E-DD07CFB1FBCE}.Debug|Any CPU.Build.0 = Debug|Any CPU
		{E70C9ACB-77BE-41CA-B91E-DD07CFB1FBCE}.Release|Any CPU.ActiveCfg = Release|Any CPU
		{E70C9ACB-77BE-41CA-B91E-DD07CFB1FBCE}.Release|Any CPU.Build.0 = Release|Any CPU
		{8D509AA1-797C-4A0E-95AC-8A5E707E61CC}.Debug|Any CPU.ActiveCfg = Debug|Any CPU
		{8D509AA1-797C-4A0E-95AC-8A5E707E61CC}.Debug|Any CPU.Build.0 = Debug|Any CPU
		{8D509AA1-797C-4A0E-95AC-8A5E707E61CC}.Release|Any CPU.ActiveCfg = Release|Any CPU
		{8D509AA1-797C-4A0E-95AC-8A5E707E61CC}.Release|Any CPU.Build.0 = Release|Any CPU
		{A939E394-DE03-4118-BC33-59E3FC8E0F9F}.Debug|Any CPU.ActiveCfg = Debug|Any CPU
		{A939E394-DE03-4118-BC33-59E3FC8E0F9F}.Debug|Any CPU.Build.0 = Debug|Any CPU
		{A939E394-DE03-4118-BC33-59E3FC8E0F9F}.Release|Any CPU.ActiveCfg = Release|Any CPU
		{A939E394-DE03-4118-BC33-59E3FC8E0F9F}.Release|Any CPU.Build.0 = Release|Any CPU
		{E1BA5D74-063F-4C83-BE11-1341237EE24C}.Debug|Any CPU.ActiveCfg = Debug|Any CPU
		{E1BA5D74-063F-4C83-BE11-1341237EE24C}.Debug|Any CPU.Build.0 = Debug|Any CPU
		{E1BA5D74-063F-4C83-BE11-1341237EE24C}.Release|Any CPU.ActiveCfg = Release|Any CPU
		{E1BA5D74-063F-4C83-BE11-1341237EE24C}.Release|Any CPU.Build.0 = Release|Any CPU
		{85F2DF92-4428-4650-A6EC-14F5F24D052E}.Debug|Any CPU.ActiveCfg = Debug|Any CPU
		{85F2DF92-4428-4650-A6EC-14F5F24D052E}.Debug|Any CPU.Build.0 = Debug|Any CPU
		{85F2DF92-4428-4650-A6EC-14F5F24D052E}.Release|Any CPU.ActiveCfg = Release|Any CPU
		{85F2DF92-4428-4650-A6EC-14F5F24D052E}.Release|Any CPU.Build.0 = Release|Any CPU
		{FB1CC387-64F9-467C-9B4E-AA044DE92139}.Debug|Any CPU.ActiveCfg = Debug|Any CPU
		{FB1CC387-64F9-467C-9B4E-AA044DE92139}.Debug|Any CPU.Build.0 = Debug|Any CPU
		{FB1CC387-64F9-467C-9B4E-AA044DE92139}.Release|Any CPU.ActiveCfg = Release|Any CPU
		{FB1CC387-64F9-467C-9B4E-AA044DE92139}.Release|Any CPU.Build.0 = Release|Any CPU
		{A457CB5B-DCE2-49F0-8AD8-E0ABFA0D3312}.Debug|Any CPU.ActiveCfg = Debug|Any CPU
		{A457CB5B-DCE2-49F0-8AD8-E0ABFA0D3312}.Debug|Any CPU.Build.0 = Debug|Any CPU
		{A457CB5B-DCE2-49F0-8AD8-E0ABFA0D3312}.Release|Any CPU.ActiveCfg = Release|Any CPU
		{A457CB5B-DCE2-49F0-8AD8-E0ABFA0D3312}.Release|Any CPU.Build.0 = Release|Any CPU
		{B949751C-3D54-44F4-95E0-B97EDE9EC99B}.Debug|Any CPU.ActiveCfg = Debug|Any CPU
		{B949751C-3D54-44F4-95E0-B97EDE9EC99B}.Debug|Any CPU.Build.0 = Debug|Any CPU
		{B949751C-3D54-44F4-95E0-B97EDE9EC99B}.Release|Any CPU.ActiveCfg = Release|Any CPU
		{B949751C-3D54-44F4-95E0-B97EDE9EC99B}.Release|Any CPU.Build.0 = Release|Any CPU
		{2F201339-5BF4-483D-A1AB-22AA14BD8DE5}.Debug|Any CPU.ActiveCfg = Debug|Any CPU
		{2F201339-5BF4-483D-A1AB-22AA14BD8DE5}.Debug|Any CPU.Build.0 = Debug|Any CPU
		{2F201339-5BF4-483D-A1AB-22AA14BD8DE5}.Release|Any CPU.ActiveCfg = Release|Any CPU
		{2F201339-5BF4-483D-A1AB-22AA14BD8DE5}.Release|Any CPU.Build.0 = Release|Any CPU
		{A6BD6A39-6D87-4EDB-A6D3-08AE90E802E4}.Debug|Any CPU.ActiveCfg = Debug|Any CPU
		{A6BD6A39-6D87-4EDB-A6D3-08AE90E802E4}.Debug|Any CPU.Build.0 = Debug|Any CPU
		{A6BD6A39-6D87-4EDB-A6D3-08AE90E802E4}.Release|Any CPU.ActiveCfg = Release|Any CPU
		{A6BD6A39-6D87-4EDB-A6D3-08AE90E802E4}.Release|Any CPU.Build.0 = Release|Any CPU
		{FA399234-08EE-4C7D-A1AB-6D669E8B6155}.Debug|Any CPU.ActiveCfg = Debug|Any CPU
		{FA399234-08EE-4C7D-A1AB-6D669E8B6155}.Debug|Any CPU.Build.0 = Debug|Any CPU
		{FA399234-08EE-4C7D-A1AB-6D669E8B6155}.Release|Any CPU.ActiveCfg = Release|Any CPU
		{FA399234-08EE-4C7D-A1AB-6D669E8B6155}.Release|Any CPU.Build.0 = Release|Any CPU
	EndGlobalSection
	GlobalSection(SolutionProperties) = preSolution
		HideSolutionNode = FALSE
	EndGlobalSection
	GlobalSection(ExtensibilityGlobals) = postSolution
		SolutionGuid = {4EDF760F-4693-4CF2-A45B-5BD4E803FD80}
	EndGlobalSection
EndGlobal
