
Microsoft Visual Studio Solution File, Format Version 12.00
# Visual Studio Version 16
VisualStudioVersion = 16.0.30204.135
MinimumVisualStudioVersion = 10.0.40219.1
Project("{FAE04EC0-301F-11D3-BF4B-00C04F79EFBC}") = "EssentialWPF", "EssentialWPF\EssentialWPF.csproj", "{30FD92FA-F381-496C-9D2A-86E4578F989C}"
EndProject
Project("{9A19103F-16F7-4668-BE54-9A1E7A4F7556}") = "Chapter1", "Chapter1\Chapter1.csproj", "{579C4E67-1766-454D-A05D-216F803C67C2}"
EndProject
Project("{9A19103F-16F7-4668-BE54-9A1E7A4F7556}") = "Chapter2_9", "Chapter2_9\Chapter2_9.csproj", "{E133B8C5-6696-4EA6-B77E-ACA5B3B63D9F}"
EndProject
Project("{9A19103F-16F7-4668-BE54-9A1E7A4F7556}") = "Chapter2_11", "Chapter2_11\Chapter2_11.csproj", "{743803F7-A945-4A0C-8526-1C9842A355B2}"
EndProject
Project("{9A19103F-16F7-4668-BE54-9A1E7A4F7556}") = "Chapter2_13", "Chapter2_13\Chapter2_13.csproj", "{4751C5B1-99E6-4D16-BA91-023CD9FB2B0A}"
EndProject
Project("{9A19103F-16F7-4668-BE54-9A1E7A4F7556}") = "Chapter3_34", "Chapter3_34\Chapter3_34.csproj", "{F3849053-3C40-4716-855A-48116170587B}"
EndProject
Project("{9A19103F-16F7-4668-BE54-9A1E7A4F7556}") = "Chapter4_8", "Chapter4_8\Chapter4_8.csproj", "{C916889D-6891-46D1-BB44-ADE1058E3453}"
EndProject
Project("{9A19103F-16F7-4668-BE54-9A1E7A4F7556}") = "Chapter4_9", "Chapter4_9\Chapter4_9.csproj", "{F5B0DFC6-EE7F-4F8B-B27F-0FAB5C0B63C4}"
EndProject
Project("{FAE04EC0-301F-11D3-BF4B-00C04F79EFBC}") = "Chapter5_11", "Chapter5_11\Chapter5_11.csproj", "{64987518-C59B-4E4F-940F-A28FECB5D7FF}"
EndProject
Project("{FAE04EC0-301F-11D3-BF4B-00C04F79EFBC}") = "Chapter5_13", "Chapter5_13\Chapter5_13.csproj", "{12580DD7-FFCE-44D5-B705-FF7C6C54D4E7}"
EndProject
Project("{FAE04EC0-301F-11D3-BF4B-00C04F79EFBC}") = "Chapter5_18", "Chapter5_18\Chapter5_18.csproj", "{E2186ECE-B00C-430E-8462-CC30C8314D65}"
EndProject
Project("{FAE04EC0-301F-11D3-BF4B-00C04F79EFBC}") = "Chapter5_19", "Chapter5_19\Chapter5_19.csproj", "{EAC69D00-E74D-4CAC-BF0C-8594950A486E}"
EndProject
Project("{FAE04EC0-301F-11D3-BF4B-00C04F79EFBC}") = "Chapter5_23", "Chapter5_23\Chapter5_23.csproj", "{3F65EF86-6F95-425E-9FEC-CB297D0DE235}"
EndProject
Project("{FAE04EC0-301F-11D3-BF4B-00C04F79EFBC}") = "Chapter5_25", "Chapter5_25\Chapter5_25.csproj", "{7D93EED1-79AC-42AB-9C38-32F865F0A3D3}"
EndProject
Project("{FAE04EC0-301F-11D3-BF4B-00C04F79EFBC}") = "Chapter5_27", "Chapter5_27\Chapter5_27.csproj", "{DAE64854-D469-4F99-9EA7-F65B2BDF5AF3}"
EndProject
Project("{FAE04EC0-301F-11D3-BF4B-00C04F79EFBC}") = "Chapter5_28", "Chapter5_28\Chapter5_28.csproj", "{EB7E8E29-5EBB-4DCE-9185-EDC6308BD1CB}"
EndProject
Project("{FAE04EC0-301F-11D3-BF4B-00C04F79EFBC}") = "Chapter5_32", "Chapter5_32\Chapter5_32.csproj", "{F4AA0DFF-6B29-431D-8A5E-30D519E27377}"
EndProject
Project("{FAE04EC0-301F-11D3-BF4B-00C04F79EFBC}") = "Chapter5_36", "Chapter5_36\Chapter5_36.csproj", "{A4365C14-2221-44AA-9613-BB00AF401261}"
EndProject
Global
	GlobalSection(SolutionConfigurationPlatforms) = preSolution
		Debug|Any CPU = Debug|Any CPU
		Release|Any CPU = Release|Any CPU
	EndGlobalSection
	GlobalSection(ProjectConfigurationPlatforms) = postSolution
		{30FD92FA-F381-496C-9D2A-86E4578F989C}.Debug|Any CPU.ActiveCfg = Debug|Any CPU
		{30FD92FA-F381-496C-9D2A-86E4578F989C}.Debug|Any CPU.Build.0 = Debug|Any CPU
		{30FD92FA-F381-496C-9D2A-86E4578F989C}.Release|Any CPU.ActiveCfg = Release|Any CPU
		{30FD92FA-F381-496C-9D2A-86E4578F989C}.Release|Any CPU.Build.0 = Release|Any CPU
		{579C4E67-1766-454D-A05D-216F803C67C2}.Debug|Any CPU.ActiveCfg = Debug|Any CPU
		{579C4E67-1766-454D-A05D-216F803C67C2}.Debug|Any CPU.Build.0 = Debug|Any CPU
		{579C4E67-1766-454D-A05D-216F803C67C2}.Release|Any CPU.ActiveCfg = Release|Any CPU
		{579C4E67-1766-454D-A05D-216F803C67C2}.Release|Any CPU.Build.0 = Release|Any CPU
		{E133B8C5-6696-4EA6-B77E-ACA5B3B63D9F}.Debug|Any CPU.ActiveCfg = Debug|Any CPU
		{E133B8C5-6696-4EA6-B77E-ACA5B3B63D9F}.Debug|Any CPU.Build.0 = Debug|Any CPU
		{E133B8C5-6696-4EA6-B77E-ACA5B3B63D9F}.Release|Any CPU.ActiveCfg = Release|Any CPU
		{E133B8C5-6696-4EA6-B77E-ACA5B3B63D9F}.Release|Any CPU.Build.0 = Release|Any CPU
		{743803F7-A945-4A0C-8526-1C9842A355B2}.Debug|Any CPU.ActiveCfg = Debug|Any CPU
		{743803F7-A945-4A0C-8526-1C9842A355B2}.Debug|Any CPU.Build.0 = Debug|Any CPU
		{743803F7-A945-4A0C-8526-1C9842A355B2}.Release|Any CPU.ActiveCfg = Release|Any CPU
		{743803F7-A945-4A0C-8526-1C9842A355B2}.Release|Any CPU.Build.0 = Release|Any CPU
		{4751C5B1-99E6-4D16-BA91-023CD9FB2B0A}.Debug|Any CPU.ActiveCfg = Debug|Any CPU
		{4751C5B1-99E6-4D16-BA91-023CD9FB2B0A}.Debug|Any CPU.Build.0 = Debug|Any CPU
		{4751C5B1-99E6-4D16-BA91-023CD9FB2B0A}.Release|Any CPU.ActiveCfg = Release|Any CPU
		{4751C5B1-99E6-4D16-BA91-023CD9FB2B0A}.Release|Any CPU.Build.0 = Release|Any CPU
		{F3849053-3C40-4716-855A-48116170587B}.Debug|Any CPU.ActiveCfg = Debug|Any CPU
		{F3849053-3C40-4716-855A-48116170587B}.Debug|Any CPU.Build.0 = Debug|Any CPU
		{F3849053-3C40-4716-855A-48116170587B}.Release|Any CPU.ActiveCfg = Release|Any CPU
		{F3849053-3C40-4716-855A-48116170587B}.Release|Any CPU.Build.0 = Release|Any CPU
		{C916889D-6891-46D1-BB44-ADE1058E3453}.Debug|Any CPU.ActiveCfg = Debug|Any CPU
		{C916889D-6891-46D1-BB44-ADE1058E3453}.Debug|Any CPU.Build.0 = Debug|Any CPU
		{C916889D-6891-46D1-BB44-ADE1058E3453}.Release|Any CPU.ActiveCfg = Release|Any CPU
		{C916889D-6891-46D1-BB44-ADE1058E3453}.Release|Any CPU.Build.0 = Release|Any CPU
		{F5B0DFC6-EE7F-4F8B-B27F-0FAB5C0B63C4}.Debug|Any CPU.ActiveCfg = Debug|Any CPU
		{F5B0DFC6-EE7F-4F8B-B27F-0FAB5C0B63C4}.Debug|Any CPU.Build.0 = Debug|Any CPU
		{F5B0DFC6-EE7F-4F8B-B27F-0FAB5C0B63C4}.Release|Any CPU.ActiveCfg = Release|Any CPU
		{F5B0DFC6-EE7F-4F8B-B27F-0FAB5C0B63C4}.Release|Any CPU.Build.0 = Release|Any CPU
		{64987518-C59B-4E4F-940F-A28FECB5D7FF}.Debug|Any CPU.ActiveCfg = Debug|Any CPU
		{64987518-C59B-4E4F-940F-A28FECB5D7FF}.Debug|Any CPU.Build.0 = Debug|Any CPU
		{64987518-C59B-4E4F-940F-A28FECB5D7FF}.Release|Any CPU.ActiveCfg = Release|Any CPU
		{64987518-C59B-4E4F-940F-A28FECB5D7FF}.Release|Any CPU.Build.0 = Release|Any CPU
		{12580DD7-FFCE-44D5-B705-FF7C6C54D4E7}.Debug|Any CPU.ActiveCfg = Debug|Any CPU
		{12580DD7-FFCE-44D5-B705-FF7C6C54D4E7}.Debug|Any CPU.Build.0 = Debug|Any CPU
		{12580DD7-FFCE-44D5-B705-FF7C6C54D4E7}.Release|Any CPU.ActiveCfg = Release|Any CPU
		{12580DD7-FFCE-44D5-B705-FF7C6C54D4E7}.Release|Any CPU.Build.0 = Release|Any CPU
		{E2186ECE-B00C-430E-8462-CC30C8314D65}.Debug|Any CPU.ActiveCfg = Debug|Any CPU
		{E2186ECE-B00C-430E-8462-CC30C8314D65}.Debug|Any CPU.Build.0 = Debug|Any CPU
		{E2186ECE-B00C-430E-8462-CC30C8314D65}.Release|Any CPU.ActiveCfg = Release|Any CPU
		{E2186ECE-B00C-430E-8462-CC30C8314D65}.Release|Any CPU.Build.0 = Release|Any CPU
		{EAC69D00-E74D-4CAC-BF0C-8594950A486E}.Debug|Any CPU.ActiveCfg = Debug|Any CPU
		{EAC69D00-E74D-4CAC-BF0C-8594950A486E}.Debug|Any CPU.Build.0 = Debug|Any CPU
		{EAC69D00-E74D-4CAC-BF0C-8594950A486E}.Release|Any CPU.ActiveCfg = Release|Any CPU
		{EAC69D00-E74D-4CAC-BF0C-8594950A486E}.Release|Any CPU.Build.0 = Release|Any CPU
		{3F65EF86-6F95-425E-9FEC-CB297D0DE235}.Debug|Any CPU.ActiveCfg = Debug|Any CPU
		{3F65EF86-6F95-425E-9FEC-CB297D0DE235}.Debug|Any CPU.Build.0 = Debug|Any CPU
		{3F65EF86-6F95-425E-9FEC-CB297D0DE235}.Release|Any CPU.ActiveCfg = Release|Any CPU
		{3F65EF86-6F95-425E-9FEC-CB297D0DE235}.Release|Any CPU.Build.0 = Release|Any CPU
		{7D93EED1-79AC-42AB-9C38-32F865F0A3D3}.Debug|Any CPU.ActiveCfg = Debug|Any CPU
		{7D93EED1-79AC-42AB-9C38-32F865F0A3D3}.Debug|Any CPU.Build.0 = Debug|Any CPU
		{7D93EED1-79AC-42AB-9C38-32F865F0A3D3}.Release|Any CPU.ActiveCfg = Release|Any CPU
		{7D93EED1-79AC-42AB-9C38-32F865F0A3D3}.Release|Any CPU.Build.0 = Release|Any CPU
		{DAE64854-D469-4F99-9EA7-F65B2BDF5AF3}.Debug|Any CPU.ActiveCfg = Debug|Any CPU
		{DAE64854-D469-4F99-9EA7-F65B2BDF5AF3}.Debug|Any CPU.Build.0 = Debug|Any CPU
		{DAE64854-D469-4F99-9EA7-F65B2BDF5AF3}.Release|Any CPU.ActiveCfg = Release|Any CPU
		{DAE64854-D469-4F99-9EA7-F65B2BDF5AF3}.Release|Any CPU.Build.0 = Release|Any CPU
		{EB7E8E29-5EBB-4DCE-9185-EDC6308BD1CB}.Debug|Any CPU.ActiveCfg = Debug|Any CPU
		{EB7E8E29-5EBB-4DCE-9185-EDC6308BD1CB}.Debug|Any CPU.Build.0 = Debug|Any CPU
		{EB7E8E29-5EBB-4DCE-9185-EDC6308BD1CB}.Release|Any CPU.ActiveCfg = Release|Any CPU
		{EB7E8E29-5EBB-4DCE-9185-EDC6308BD1CB}.Release|Any CPU.Build.0 = Release|Any CPU
		{F4AA0DFF-6B29-431D-8A5E-30D519E27377}.Debug|Any CPU.ActiveCfg = Debug|Any CPU
		{F4AA0DFF-6B29-431D-8A5E-30D519E27377}.Debug|Any CPU.Build.0 = Debug|Any CPU
		{F4AA0DFF-6B29-431D-8A5E-30D519E27377}.Release|Any CPU.ActiveCfg = Release|Any CPU
		{F4AA0DFF-6B29-431D-8A5E-30D519E27377}.Release|Any CPU.Build.0 = Release|Any CPU
		{A4365C14-2221-44AA-9613-BB00AF401261}.Debug|Any CPU.ActiveCfg = Debug|Any CPU
		{A4365C14-2221-44AA-9613-BB00AF401261}.Debug|Any CPU.Build.0 = Debug|Any CPU
		{A4365C14-2221-44AA-9613-BB00AF401261}.Release|Any CPU.ActiveCfg = Release|Any CPU
		{A4365C14-2221-44AA-9613-BB00AF401261}.Release|Any CPU.Build.0 = Release|Any CPU
	EndGlobalSection
	GlobalSection(SolutionProperties) = preSolution
		HideSolutionNode = FALSE
	EndGlobalSection
	GlobalSection(ExtensibilityGlobals) = postSolution
		SolutionGuid = {4EDF760F-4693-4CF2-A45B-5BD4E803FD80}
	EndGlobalSection
EndGlobal
